
Microsoft Visual Studio Solution File, Format Version 12.00
# Visual Studio Version 17
VisualStudioVersion = 17.2.32616.157
MinimumVisualStudioVersion = 10.0.40219.1
Project("{FAE04EC0-301F-11D3-BF4B-00C04F79EFBC}") = "TestSEMSingleton", "TestSEMSingleton.csproj", "{8DF83352-0329-479E-9DD1-F415500F6E4E}"
EndProject
Project("{9A19103F-16F7-4668-BE54-9A1E7A4F7556}") = "SysWork.Data", "..\..\..\..\C#Library\SysWorkData\SysWorkData\SysWorkData\SysWork.Data.csproj", "{45AAAB67-2EB2-42EB-925E-C32E0951B917}"
EndProject
Global
	GlobalSection(SolutionConfigurationPlatforms) = preSolution
		Debug|Any CPU = Debug|Any CPU
		Release|Any CPU = Release|Any CPU
	EndGlobalSection
	GlobalSection(ProjectConfigurationPlatforms) = postSolution
		{8DF83352-0329-479E-9DD1-F415500F6E4E}.Debug|Any CPU.ActiveCfg = Debug|Any CPU
		{8DF83352-0329-479E-9DD1-F415500F6E4E}.Debug|Any CPU.Build.0 = Debug|Any CPU
		{8DF83352-0329-479E-9DD1-F415500F6E4E}.Release|Any CPU.ActiveCfg = Release|Any CPU
		{8DF83352-0329-479E-9DD1-F415500F6E4E}.Release|Any CPU.Build.0 = Release|Any CPU
		{45AAAB67-2EB2-42EB-925E-C32E0951B917}.Debug|Any CPU.ActiveCfg = Debug|Any CPU
		{45AAAB67-2EB2-42EB-925E-C32E0951B917}.Debug|Any CPU.Build.0 = Debug|Any CPU
		{45AAAB67-2EB2-42EB-925E-C32E0951B917}.Release|Any CPU.ActiveCfg = Release|Any CPU
		{45AAAB67-2EB2-42EB-925E-C32E0951B917}.Release|Any CPU.Build.0 = Release|Any CPU
	EndGlobalSection
	GlobalSection(SolutionProperties) = preSolution
		HideSolutionNode = FALSE
	EndGlobalSection
	GlobalSection(ExtensibilityGlobals) = postSolution
		SolutionGuid = {21297AEE-44E9-4190-B644-54356DB40A50}
	EndGlobalSection
EndGlobal
