
Microsoft Visual Studio Solution File, Format Version 12.00
# Visual Studio Version 17
VisualStudioVersion = 17.2.32616.157
MinimumVisualStudioVersion = 10.0.40219.1
Project("{FAE04EC0-301F-11D3-BF4B-00C04F79EFBC}") = "TestSEMInstanciable", "TestSEMInstanciable.csproj", "{559751FE-F957-4531-BB17-F99DE6BAE409}"
EndProject
Project("{9A19103F-16F7-4668-BE54-9A1E7A4F7556}") = "SysWork.Data", "..\..\..\..\C#Library\SysWorkData\SysWorkData\SysWorkData\SysWork.Data.csproj", "{955D9273-EE6E-4F48-9854-39E988CFCDE2}"
EndProject
Global
	GlobalSection(SolutionConfigurationPlatforms) = preSolution
		Debug|Any CPU = Debug|Any CPU
		Release|Any CPU = Release|Any CPU
	EndGlobalSection
	GlobalSection(ProjectConfigurationPlatforms) = postSolution
		{559751FE-F957-4531-BB17-F99DE6BAE409}.Debug|Any CPU.ActiveCfg = Debug|Any CPU
		{559751FE-F957-4531-BB17-F99DE6BAE409}.Debug|Any CPU.Build.0 = Debug|Any CPU
		{559751FE-F957-4531-BB17-F99DE6BAE409}.Release|Any CPU.ActiveCfg = Release|Any CPU
		{559751FE-F957-4531-BB17-F99DE6BAE409}.Release|Any CPU.Build.0 = Release|Any CPU
		{955D9273-EE6E-4F48-9854-39E988CFCDE2}.Debug|Any CPU.ActiveCfg = Debug|Any CPU
		{955D9273-EE6E-4F48-9854-39E988CFCDE2}.Debug|Any CPU.Build.0 = Debug|Any CPU
		{955D9273-EE6E-4F48-9854-39E988CFCDE2}.Release|Any CPU.ActiveCfg = Release|Any CPU
		{955D9273-EE6E-4F48-9854-39E988CFCDE2}.Release|Any CPU.Build.0 = Release|Any CPU
	EndGlobalSection
	GlobalSection(SolutionProperties) = preSolution
		HideSolutionNode = FALSE
	EndGlobalSection
	GlobalSection(ExtensibilityGlobals) = postSolution
		SolutionGuid = {EE196DA1-7826-46B4-A576-6E938769DE33}
	EndGlobalSection
EndGlobal
