
Microsoft Visual Studio Solution File, Format Version 12.00
# Visual Studio Version 17
VisualStudioVersion = 17.2.32616.157
MinimumVisualStudioVersion = 10.0.40219.1
Project("{FAE04EC0-301F-11D3-BF4B-00C04F79EFBC}") = "TestSEMSingletonPublicProperties", "TestSEMSingletonPublicProperties.csproj", "{64B1A5BB-C96A-480B-B710-59F1FE69FE8A}"
EndProject
Project("{9A19103F-16F7-4668-BE54-9A1E7A4F7556}") = "SysWork.Data", "..\..\..\..\C#Library\SysWorkData\SysWorkData\SysWorkData\SysWork.Data.csproj", "{2418F5E2-BE04-44C2-AED8-67B39F07E7B4}"
EndProject
Global
	GlobalSection(SolutionConfigurationPlatforms) = preSolution
		Debug|Any CPU = Debug|Any CPU
		Release|Any CPU = Release|Any CPU
	EndGlobalSection
	GlobalSection(ProjectConfigurationPlatforms) = postSolution
		{64B1A5BB-C96A-480B-B710-59F1FE69FE8A}.Debug|Any CPU.ActiveCfg = Debug|Any CPU
		{64B1A5BB-C96A-480B-B710-59F1FE69FE8A}.Debug|Any CPU.Build.0 = Debug|Any CPU
		{64B1A5BB-C96A-480B-B710-59F1FE69FE8A}.Release|Any CPU.ActiveCfg = Release|Any CPU
		{64B1A5BB-C96A-480B-B710-59F1FE69FE8A}.Release|Any CPU.Build.0 = Release|Any CPU
		{2418F5E2-BE04-44C2-AED8-67B39F07E7B4}.Debug|Any CPU.ActiveCfg = Debug|Any CPU
		{2418F5E2-BE04-44C2-AED8-67B39F07E7B4}.Debug|Any CPU.Build.0 = Debug|Any CPU
		{2418F5E2-BE04-44C2-AED8-67B39F07E7B4}.Release|Any CPU.ActiveCfg = Release|Any CPU
		{2418F5E2-BE04-44C2-AED8-67B39F07E7B4}.Release|Any CPU.Build.0 = Release|Any CPU
	EndGlobalSection
	GlobalSection(SolutionProperties) = preSolution
		HideSolutionNode = FALSE
	EndGlobalSection
	GlobalSection(ExtensibilityGlobals) = postSolution
		SolutionGuid = {7498F4B5-2A3C-464C-84C3-3B76668FE9E0}
	EndGlobalSection
EndGlobal
